
Microsoft Visual Studio Solution File, Format Version 12.00
# Visual Studio Version 17
VisualStudioVersion = 17.10.34928.147
MinimumVisualStudioVersion = 10.0.40219.1
Project("{9A19103F-16F7-4668-BE54-9A1E7A4F7556}") = "expression-parser", "expression-parser.csproj", "{EC269EC5-DE16-407B-ACAC-1447B0A33F80}"
EndProject
Global
	GlobalSection(SolutionConfigurationPlatforms) = preSolution
		Debug|Any CPU = Debug|Any CPU
		Release|Any CPU = Release|Any CPU
	EndGlobalSection
	GlobalSection(ProjectConfigurationPlatforms) = postSolution
		{EC269EC5-DE16-407B-ACAC-1447B0A33F80}.Debug|Any CPU.ActiveCfg = Debug|Any CPU
		{EC269EC5-DE16-407B-ACAC-1447B0A33F80}.Debug|Any CPU.Build.0 = Debug|Any CPU
		{EC269EC5-DE16-407B-ACAC-1447B0A33F80}.Release|Any CPU.ActiveCfg = Release|Any CPU
		{EC269EC5-DE16-407B-ACAC-1447B0A33F80}.Release|Any CPU.Build.0 = Release|Any CPU
	EndGlobalSection
	GlobalSection(SolutionProperties) = preSolution
		HideSolutionNode = FALSE
	EndGlobalSection
	GlobalSection(ExtensibilityGlobals) = postSolution
		SolutionGuid = {867E2C62-6054-4570-BCAD-47B9CEDE6718}
	EndGlobalSection
EndGlobal
